// !$*UTF8*$!
{
	archiveVersion = 1;
	classes = {
	};
	objectVersion = 55;
	objects = {

/* Begin PBXBuildFile section */
		6FA22AE360A1FE3651D2580A /* Pods_Publisher.framework in Frameworks */ = {isa = PBXBuildFile; fileRef = D1514B89832C12E2F9A6B19F /* Pods_Publisher.framework */; };
		7EB93FEB27F7DC5500962A7C /* AppDelegate.swift in Sources */ = {isa = PBXBuildFile; fileRef = 7EB93FEA27F7DC5500962A7C /* AppDelegate.swift */; };
		7EB93FED27F7DC5500962A7C /* SceneDelegate.swift in Sources */ = {isa = PBXBuildFile; fileRef = 7EB93FEC27F7DC5500962A7C /* SceneDelegate.swift */; };
		7EB93FEF27F7DC5500962A7C /* ViewController.swift in Sources */ = {isa = PBXBuildFile; fileRef = 7EB93FEE27F7DC5500962A7C /* ViewController.swift */; };
		7EB93FF227F7DC5500962A7C /* Main.storyboard in Resources */ = {isa = PBXBuildFile; fileRef = 7EB93FF027F7DC5500962A7C /* Main.storyboard */; };
		7EB93FF427F7DC5600962A7C /* Assets.xcassets in Resources */ = {isa = PBXBuildFile; fileRef = 7EB93FF327F7DC5600962A7C /* Assets.xcassets */; };
		7EB93FF727F7DC5600962A7C /* LaunchScreen.storyboard in Resources */ = {isa = PBXBuildFile; fileRef = 7EB93FF527F7DC5600962A7C /* LaunchScreen.storyboard */; };
		7EB9401F27F7E55A00962A7C /* GoogleService-Info.plist in Resources */ = {isa = PBXBuildFile; fileRef = 7EB9401E27F7E55A00962A7C /* GoogleService-Info.plist */; };
		7EB9402327F7E77A00962A7C /* FirebaseManager.swift in Sources */ = {isa = PBXBuildFile; fileRef = 7EB9402227F7E77A00962A7C /* FirebaseManager.swift */; };
		7EB9402627F7F30300962A7C /* HomePageCell.swift in Sources */ = {isa = PBXBuildFile; fileRef = 7EB9402527F7F30300962A7C /* HomePageCell.swift */; };
		7EB9402827F7F4AF00962A7C /* PublishArticlePageViewController.swift in Sources */ = {isa = PBXBuildFile; fileRef = 7EB9402727F7F4AF00962A7C /* PublishArticlePageViewController.swift */; };
/* End PBXBuildFile section */

/* Begin PBXFileReference section */
		245ED8B0C2CB6721B79B42AF /* Pods-Publisher.debug.xcconfig */ = {isa = PBXFileReference; includeInIndex = 1; lastKnownFileType = text.xcconfig; name = "Pods-Publisher.debug.xcconfig"; path = "Target Support Files/Pods-Publisher/Pods-Publisher.debug.xcconfig"; sourceTree = "<group>"; };
		633096258AB750334DCD523F /* Pods-Publisher.release.xcconfig */ = {isa = PBXFileReference; includeInIndex = 1; lastKnownFileType = text.xcconfig; name = "Pods-Publisher.release.xcconfig"; path = "Target Support Files/Pods-Publisher/Pods-Publisher.release.xcconfig"; sourceTree = "<group>"; };
		7EB93FE727F7DC5500962A7C /* Publisher.app */ = {isa = PBXFileReference; explicitFileType = wrapper.application; includeInIndex = 0; path = Publisher.app; sourceTree = BUILT_PRODUCTS_DIR; };
		7EB93FEA27F7DC5500962A7C /* AppDelegate.swift */ = {isa = PBXFileReference; lastKnownFileType = sourcecode.swift; path = AppDelegate.swift; sourceTree = "<group>"; };
		7EB93FEC27F7DC5500962A7C /* SceneDelegate.swift */ = {isa = PBXFileReference; lastKnownFileType = sourcecode.swift; path = SceneDelegate.swift; sourceTree = "<group>"; };
		7EB93FEE27F7DC5500962A7C /* ViewController.swift */ = {isa = PBXFileReference; lastKnownFileType = sourcecode.swift; path = ViewController.swift; sourceTree = "<group>"; };
		7EB93FF127F7DC5500962A7C /* Base */ = {isa = PBXFileReference; lastKnownFileType = file.storyboard; name = Base; path = Base.lproj/Main.storyboard; sourceTree = "<group>"; };
		7EB93FF327F7DC5600962A7C /* Assets.xcassets */ = {isa = PBXFileReference; lastKnownFileType = folder.assetcatalog; path = Assets.xcassets; sourceTree = "<group>"; };
		7EB93FF627F7DC5600962A7C /* Base */ = {isa = PBXFileReference; lastKnownFileType = file.storyboard; name = Base; path = Base.lproj/LaunchScreen.storyboard; sourceTree = "<group>"; };
		7EB93FF827F7DC5600962A7C /* Info.plist */ = {isa = PBXFileReference; lastKnownFileType = text.plist.xml; path = Info.plist; sourceTree = "<group>"; };
		7EB9401E27F7E55A00962A7C /* GoogleService-Info.plist */ = {isa = PBXFileReference; fileEncoding = 4; lastKnownFileType = text.plist.xml; path = "GoogleService-Info.plist"; sourceTree = "<group>"; };
		7EB9402227F7E77A00962A7C /* FirebaseManager.swift */ = {isa = PBXFileReference; lastKnownFileType = sourcecode.swift; path = FirebaseManager.swift; sourceTree = "<group>"; };
		7EB9402527F7F30300962A7C /* HomePageCell.swift */ = {isa = PBXFileReference; lastKnownFileType = sourcecode.swift; path = HomePageCell.swift; sourceTree = "<group>"; };
		7EB9402727F7F4AF00962A7C /* PublishArticlePageViewController.swift */ = {isa = PBXFileReference; lastKnownFileType = sourcecode.swift; path = PublishArticlePageViewController.swift; sourceTree = "<group>"; };
		D1514B89832C12E2F9A6B19F /* Pods_Publisher.framework */ = {isa = PBXFileReference; explicitFileType = wrapper.framework; includeInIndex = 0; path = Pods_Publisher.framework; sourceTree = BUILT_PRODUCTS_DIR; };
/* End PBXFileReference section */

/* Begin PBXFrameworksBuildPhase section */
		7EB93FE427F7DC5500962A7C /* Frameworks */ = {
			isa = PBXFrameworksBuildPhase;
			buildActionMask = 2147483647;
			files = (
				6FA22AE360A1FE3651D2580A /* Pods_Publisher.framework in Frameworks */,
			);
			runOnlyForDeploymentPostprocessing = 0;
		};
/* End PBXFrameworksBuildPhase section */

/* Begin PBXGroup section */
		6566E78119C5D0834AE45A81 /* Pods */ = {
			isa = PBXGroup;
			children = (
				245ED8B0C2CB6721B79B42AF /* Pods-Publisher.debug.xcconfig */,
				633096258AB750334DCD523F /* Pods-Publisher.release.xcconfig */,
			);
			path = Pods;
			sourceTree = "<group>";
		};
		7EB93FDE27F7DC5500962A7C = {
			isa = PBXGroup;
			children = (
				7EB93FE927F7DC5500962A7C /* Publisher */,
				7EB93FE827F7DC5500962A7C /* Products */,
				6566E78119C5D0834AE45A81 /* Pods */,
				CD3EFA1192EC0C1CD2C1A612 /* Frameworks */,
			);
			sourceTree = "<group>";
		};
		7EB93FE827F7DC5500962A7C /* Products */ = {
			isa = PBXGroup;
			children = (
				7EB93FE727F7DC5500962A7C /* Publisher.app */,
			);
			name = Products;
			sourceTree = "<group>";
		};
		7EB93FE927F7DC5500962A7C /* Publisher */ = {
			isa = PBXGroup;
			children = (
				7EB93FEA27F7DC5500962A7C /* AppDelegate.swift */,
				7EB93FEC27F7DC5500962A7C /* SceneDelegate.swift */,
				7EB9402427F7F2BF00962A7C /* View */,
				7EB9402127F7E74500962A7C /* Controller */,
				7EB9402027F7E73B00962A7C /* Model */,
				7EB93FF027F7DC5500962A7C /* Main.storyboard */,
				7EB93FF327F7DC5600962A7C /* Assets.xcassets */,
				7EB93FF527F7DC5600962A7C /* LaunchScreen.storyboard */,
				7EB93FF827F7DC5600962A7C /* Info.plist */,
				7EB9401E27F7E55A00962A7C /* GoogleService-Info.plist */,
			);
			path = Publisher;
			sourceTree = "<group>";
		};
		7EB9402027F7E73B00962A7C /* Model */ = {
			isa = PBXGroup;
			children = (
				7EB9402227F7E77A00962A7C /* FirebaseManager.swift */,
			);
			path = Model;
			sourceTree = "<group>";
		};
		7EB9402127F7E74500962A7C /* Controller */ = {
			isa = PBXGroup;
			children = (
				7EB93FEE27F7DC5500962A7C /* ViewController.swift */,
				7EB9402727F7F4AF00962A7C /* PublishArticlePageViewController.swift */,
			);
			path = Controller;
			sourceTree = "<group>";
		};
		7EB9402427F7F2BF00962A7C /* View */ = {
			isa = PBXGroup;
			children = (
				7EB9402527F7F30300962A7C /* HomePageCell.swift */,
			);
			path = View;
			sourceTree = "<group>";
		};
		CD3EFA1192EC0C1CD2C1A612 /* Frameworks */ = {
			isa = PBXGroup;
			children = (
				D1514B89832C12E2F9A6B19F /* Pods_Publisher.framework */,
			);
			name = Frameworks;
			sourceTree = "<group>";
		};
/* End PBXGroup section */

/* Begin PBXNativeTarget section */
		7EB93FE627F7DC5500962A7C /* Publisher */ = {
			isa = PBXNativeTarget;
			buildConfigurationList = 7EB93FFB27F7DC5600962A7C /* Build configuration list for PBXNativeTarget "Publisher" */;
			buildPhases = (
				9025A949D80FD8313F7634D4 /* [CP] Check Pods Manifest.lock */,
				7EB93FE327F7DC5500962A7C /* Sources */,
				7EB93FE427F7DC5500962A7C /* Frameworks */,
				7EB93FE527F7DC5500962A7C /* Resources */,
				6CF1C84A09461321401AB25F /* [CP] Embed Pods Frameworks */,
			);
			buildRules = (
			);
			dependencies = (
			);
			name = Publisher;
			productName = Publisher;
			productReference = 7EB93FE727F7DC5500962A7C /* Publisher.app */;
			productType = "com.apple.product-type.application";
		};
/* End PBXNativeTarget section */

/* Begin PBXProject section */
		7EB93FDF27F7DC5500962A7C /* Project object */ = {
			isa = PBXProject;
			attributes = {
				BuildIndependentTargetsInParallel = 1;
				LastSwiftUpdateCheck = 1330;
				LastUpgradeCheck = 1330;
				TargetAttributes = {
					7EB93FE627F7DC5500962A7C = {
						CreatedOnToolsVersion = 13.3;
					};
				};
			};
			buildConfigurationList = 7EB93FE227F7DC5500962A7C /* Build configuration list for PBXProject "Publisher" */;
			compatibilityVersion = "Xcode 13.0";
			developmentRegion = en;
			hasScannedForEncodings = 0;
			knownRegions = (
				en,
				Base,
			);
			mainGroup = 7EB93FDE27F7DC5500962A7C;
			productRefGroup = 7EB93FE827F7DC5500962A7C /* Products */;
			projectDirPath = "";
			projectRoot = "";
			targets = (
				7EB93FE627F7DC5500962A7C /* Publisher */,
			);
		};
/* End PBXProject section */

/* Begin PBXResourcesBuildPhase section */
		7EB93FE527F7DC5500962A7C /* Resources */ = {
			isa = PBXResourcesBuildPhase;
			buildActionMask = 2147483647;
			files = (
				7EB93FF727F7DC5600962A7C /* LaunchScreen.storyboard in Resources */,
				7EB9401F27F7E55A00962A7C /* GoogleService-Info.plist in Resources */,
				7EB93FF427F7DC5600962A7C /* Assets.xcassets in Resources */,
				7EB93FF227F7DC5500962A7C /* Main.storyboard in Resources */,
			);
			runOnlyForDeploymentPostprocessing = 0;
		};
/* End PBXResourcesBuildPhase section */

/* Begin PBXShellScriptBuildPhase section */
		6CF1C84A09461321401AB25F /* [CP] Embed Pods Frameworks */ = {
			isa = PBXShellScriptBuildPhase;
			buildActionMask = 2147483647;
			files = (
			);
			inputFileListPaths = (
				"${PODS_ROOT}/Target Support Files/Pods-Publisher/Pods-Publisher-frameworks-${CONFIGURATION}-input-files.xcfilelist",
			);
			name = "[CP] Embed Pods Frameworks";
			outputFileListPaths = (
				"${PODS_ROOT}/Target Support Files/Pods-Publisher/Pods-Publisher-frameworks-${CONFIGURATION}-output-files.xcfilelist",
			);
			runOnlyForDeploymentPostprocessing = 0;
			shellPath = /bin/sh;
			shellScript = "\"${PODS_ROOT}/Target Support Files/Pods-Publisher/Pods-Publisher-frameworks.sh\"\n";
			showEnvVarsInLog = 0;
		};
		9025A949D80FD8313F7634D4 /* [CP] Check Pods Manifest.lock */ = {
			isa = PBXShellScriptBuildPhase;
			buildActionMask = 2147483647;
			files = (
			);
			inputFileListPaths = (
			);
			inputPaths = (
				"${PODS_PODFILE_DIR_PATH}/Podfile.lock",
				"${PODS_ROOT}/Manifest.lock",
			);
			name = "[CP] Check Pods Manifest.lock";
			outputFileListPaths = (
			);
			outputPaths = (
				"$(DERIVED_FILE_DIR)/Pods-Publisher-checkManifestLockResult.txt",
			);
			runOnlyForDeploymentPostprocessing = 0;
			shellPath = /bin/sh;
			shellScript = "diff \"${PODS_PODFILE_DIR_PATH}/Podfile.lock\" \"${PODS_ROOT}/Manifest.lock\" > /dev/null\nif [ $? != 0 ] ; then\n    # print error to STDERR\n    echo \"error: The sandbox is not in sync with the Podfile.lock. Run 'pod install' or update your CocoaPods installation.\" >&2\n    exit 1\nfi\n# This output is used by Xcode 'outputs' to avoid re-running this script phase.\necho \"SUCCESS\" > \"${SCRIPT_OUTPUT_FILE_0}\"\n";
			showEnvVarsInLog = 0;
		};
/* End PBXShellScriptBuildPhase section */

/* Begin PBXSourcesBuildPhase section */
		7EB93FE327F7DC5500962A7C /* Sources */ = {
			isa = PBXSourcesBuildPhase;
			buildActionMask = 2147483647;
			files = (
				7EB9402327F7E77A00962A7C /* FirebaseManager.swift in Sources */,
				7EB93FEF27F7DC5500962A7C /* ViewController.swift in Sources */,
				7EB9402827F7F4AF00962A7C /* PublishArticlePageViewController.swift in Sources */,
				7EB93FEB27F7DC5500962A7C /* AppDelegate.swift in Sources */,
				7EB9402627F7F30300962A7C /* HomePageCell.swift in Sources */,
				7EB93FED27F7DC5500962A7C /* SceneDelegate.swift in Sources */,
			);
			runOnlyForDeploymentPostprocessing = 0;
		};
/* End PBXSourcesBuildPhase section */

/* Begin PBXVariantGroup section */
		7EB93FF027F7DC5500962A7C /* Main.storyboard */ = {
			isa = PBXVariantGroup;
			children = (
				7EB93FF127F7DC5500962A7C /* Base */,
			);
			name = Main.storyboard;
			sourceTree = "<group>";
		};
		7EB93FF527F7DC5600962A7C /* LaunchScreen.storyboard */ = {
			isa = PBXVariantGroup;
			children = (
				7EB93FF627F7DC5600962A7C /* Base */,
			);
			name = LaunchScreen.storyboard;
			sourceTree = "<group>";
		};
/* End PBXVariantGroup section */

/* Begin XCBuildConfiguration section */
		7EB93FF927F7DC5600962A7C /* Debug */ = {
			isa = XCBuildConfiguration;
			buildSettings = {
				ALWAYS_SEARCH_USER_PATHS = NO;
				CLANG_ANALYZER_NONNULL = YES;
				CLANG_ANALYZER_NUMBER_OBJECT_CONVERSION = YES_AGGRESSIVE;
				CLANG_CXX_LANGUAGE_STANDARD = "gnu++17";
				CLANG_ENABLE_MODULES = YES;
				CLANG_ENABLE_OBJC_ARC = YES;
				CLANG_ENABLE_OBJC_WEAK = YES;
				CLANG_WARN_BLOCK_CAPTURE_AUTORELEASING = YES;
				CLANG_WARN_BOOL_CONVERSION = YES;
				CLANG_WARN_COMMA = YES;
				CLANG_WARN_CONSTANT_CONVERSION = YES;
				CLANG_WARN_DEPRECATED_OBJC_IMPLEMENTATIONS = YES;
				CLANG_WARN_DIRECT_OBJC_ISA_USAGE = YES_ERROR;
				CLANG_WARN_DOCUMENTATION_COMMENTS = YES;
				CLANG_WARN_EMPTY_BODY = YES;
				CLANG_WARN_ENUM_CONVERSION = YES;
				CLANG_WARN_INFINITE_RECURSION = YES;
				CLANG_WARN_INT_CONVERSION = YES;
				CLANG_WARN_NON_LITERAL_NULL_CONVERSION = YES;
				CLANG_WARN_OBJC_IMPLICIT_RETAIN_SELF = YES;
				CLANG_WARN_OBJC_LITERAL_CONVERSION = YES;
				CLANG_WARN_OBJC_ROOT_CLASS = YES_ERROR;
				CLANG_WARN_QUOTED_INCLUDE_IN_FRAMEWORK_HEADER = YES;
				CLANG_WARN_RANGE_LOOP_ANALYSIS = YES;
				CLANG_WARN_STRICT_PROTOTYPES = YES;
				CLANG_WARN_SUSPICIOUS_MOVE = YES;
				CLANG_WARN_UNGUARDED_AVAILABILITY = YES_AGGRESSIVE;
				CLANG_WARN_UNREACHABLE_CODE = YES;
				CLANG_WARN__DUPLICATE_METHOD_MATCH = YES;
				COPY_PHASE_STRIP = NO;
				DEBUG_INFORMATION_FORMAT = dwarf;
				ENABLE_STRICT_OBJC_MSGSEND = YES;
				ENABLE_TESTABILITY = YES;
				GCC_C_LANGUAGE_STANDARD = gnu11;
				GCC_DYNAMIC_NO_PIC = NO;
				GCC_NO_COMMON_BLOCKS = YES;
				GCC_OPTIMIZATION_LEVEL = 0;
				GCC_PREPROCESSOR_DEFINITIONS = (
					"DEBUG=1",
					"$(inherited)",
				);
				GCC_WARN_64_TO_32_BIT_CONVERSION = YES;
				GCC_WARN_ABOUT_RETURN_TYPE = YES_ERROR;
				GCC_WARN_UNDECLARED_SELECTOR = YES;
				GCC_WARN_UNINITIALIZED_AUTOS = YES_AGGRESSIVE;
				GCC_WARN_UNUSED_FUNCTION = YES;
				GCC_WARN_UNUSED_VARIABLE = YES;
				IPHONEOS_DEPLOYMENT_TARGET = 15.4;
				MTL_ENABLE_DEBUG_INFO = INCLUDE_SOURCE;
				MTL_FAST_MATH = YES;
				ONLY_ACTIVE_ARCH = YES;
				SDKROOT = iphoneos;
				SWIFT_ACTIVE_COMPILATION_CONDITIONS = DEBUG;
				SWIFT_OPTIMIZATION_LEVEL = "-Onone";
			};
			name = Debug;
		};
		7EB93FFA27F7DC5600962A7C /* Release */ = {
			isa = XCBuildConfiguration;
			buildSettings = {
				ALWAYS_SEARCH_USER_PATHS = NO;
				CLANG_ANALYZER_NONNULL = YES;
				CLANG_ANALYZER_NUMBER_OBJECT_CONVERSION = YES_AGGRESSIVE;
				CLANG_CXX_LANGUAGE_STANDARD = "gnu++17";
				CLANG_ENABLE_MODULES = YES;
				CLANG_ENABLE_OBJC_ARC = YES;
				CLANG_ENABLE_OBJC_WEAK = YES;
				CLANG_WARN_BLOCK_CAPTURE_AUTORELEASING = YES;
				CLANG_WARN_BOOL_CONVERSION = YES;
				CLANG_WARN_COMMA = YES;
				CLANG_WARN_CONSTANT_CONVERSION = YES;
				CLANG_WARN_DEPRECATED_OBJC_IMPLEMENTATIONS = YES;
				CLANG_WARN_DIRECT_OBJC_ISA_USAGE = YES_ERROR;
				CLANG_WARN_DOCUMENTATION_COMMENTS = YES;
				CLANG_WARN_EMPTY_BODY = YES;
				CLANG_WARN_ENUM_CONVERSION = YES;
				CLANG_WARN_INFINITE_RECURSION = YES;
				CLANG_WARN_INT_CONVERSION = YES;
				CLANG_WARN_NON_LITERAL_NULL_CONVERSION = YES;
				CLANG_WARN_OBJC_IMPLICIT_RETAIN_SELF = YES;
				CLANG_WARN_OBJC_LITERAL_CONVERSION = YES;
				CLANG_WARN_OBJC_ROOT_CLASS = YES_ERROR;
				CLANG_WARN_QUOTED_INCLUDE_IN_FRAMEWORK_HEADER = YES;
				CLANG_WARN_RANGE_LOOP_ANALYSIS = YES;
				CLANG_WARN_STRICT_PROTOTYPES = YES;
				CLANG_WARN_SUSPICIOUS_MOVE = YES;
				CLANG_WARN_UNGUARDED_AVAILABILITY = YES_AGGRESSIVE;
				CLANG_WARN_UNREACHABLE_CODE = YES;
				CLANG_WARN__DUPLICATE_METHOD_MATCH = YES;
				COPY_PHASE_STRIP = NO;
				DEBUG_INFORMATION_FORMAT = "dwarf-with-dsym";
				ENABLE_NS_ASSERTIONS = NO;
				ENABLE_STRICT_OBJC_MSGSEND = YES;
				GCC_C_LANGUAGE_STANDARD = gnu11;
				GCC_NO_COMMON_BLOCKS = YES;
				GCC_WARN_64_TO_32_BIT_CONVERSION = YES;
				GCC_WARN_ABOUT_RETURN_TYPE = YES_ERROR;
				GCC_WARN_UNDECLARED_SELECTOR = YES;
				GCC_WARN_UNINITIALIZED_AUTOS = YES_AGGRESSIVE;
				GCC_WARN_UNUSED_FUNCTION = YES;
				GCC_WARN_UNUSED_VARIABLE = YES;
				IPHONEOS_DEPLOYMENT_TARGET = 15.4;
				MTL_ENABLE_DEBUG_INFO = NO;
				MTL_FAST_MATH = YES;
				SDKROOT = iphoneos;
				SWIFT_COMPILATION_MODE = wholemodule;
				SWIFT_OPTIMIZATION_LEVEL = "-O";
				VALIDATE_PRODUCT = YES;
			};
			name = Release;
		};
		7EB93FFC27F7DC5600962A7C /* Debug */ = {
			isa = XCBuildConfiguration;
			baseConfigurationReference = 245ED8B0C2CB6721B79B42AF /* Pods-Publisher.debug.xcconfig */;
			buildSettings = {
				ASSETCATALOG_COMPILER_APPICON_NAME = AppIcon;
				ASSETCATALOG_COMPILER_GLOBAL_ACCENT_COLOR_NAME = AccentColor;
				CODE_SIGN_STYLE = Automatic;
				CURRENT_PROJECT_VERSION = 1;
				DEVELOPMENT_TEAM = 9H6DPAU9ML;
				GENERATE_INFOPLIST_FILE = YES;
				INFOPLIST_FILE = Publisher/Info.plist;
				INFOPLIST_KEY_UIApplicationSupportsIndirectInputEvents = YES;
				INFOPLIST_KEY_UILaunchStoryboardName = LaunchScreen;
				INFOPLIST_KEY_UIMainStoryboardFile = Main;
				INFOPLIST_KEY_UISupportedInterfaceOrientations_iPad = "UIInterfaceOrientationPortrait UIInterfaceOrientationPortraitUpsideDown UIInterfaceOrientationLandscapeLeft UIInterfaceOrientationLandscapeRight";
				INFOPLIST_KEY_UISupportedInterfaceOrientations_iPhone = "UIInterfaceOrientationPortrait UIInterfaceOrientationLandscapeLeft UIInterfaceOrientationLandscapeRight";
				LD_RUNPATH_SEARCH_PATHS = (
					"$(inherited)",
					"@executable_path/Frameworks",
				);
				MARKETING_VERSION = 1.0;
				PRODUCT_BUNDLE_IDENTIFIER = com.ClaireChiou.Publisher;
				PRODUCT_NAME = "$(TARGET_NAME)";
				SWIFT_EMIT_LOC_STRINGS = YES;
				SWIFT_VERSION = 5.0;
				TARGETED_DEVICE_FAMILY = "1,2";
			};
			name = Debug;
		};
		7EB93FFD27F7DC5600962A7C /* Release */ = {
			isa = XCBuildConfiguration;
			baseConfigurationReference = 633096258AB750334DCD523F /* Pods-Publisher.release.xcconfig */;
			buildSettings = {
				ASSETCATALOG_COMPILER_APPICON_NAME = AppIcon;
				ASSETCATALOG_COMPILER_GLOBAL_ACCENT_COLOR_NAME = AccentColor;
				CODE_SIGN_STYLE = Automatic;
				CURRENT_PROJECT_VERSION = 1;
				DEVELOPMENT_TEAM = 9H6DPAU9ML;
				GENERATE_INFOPLIST_FILE = YES;
				INFOPLIST_FILE = Publisher/Info.plist;
				INFOPLIST_KEY_UIApplicationSupportsIndirectInputEvents = YES;
				INFOPLIST_KEY_UILaunchStoryboardName = LaunchScreen;
				INFOPLIST_KEY_UIMainStoryboardFile = Main;
				INFOPLIST_KEY_UISupportedInterfaceOrientations_iPad = "UIInterfaceOrientationPortrait UIInterfaceOrientationPortraitUpsideDown UIInterfaceOrientationLandscapeLeft UIInterfaceOrientationLandscapeRight";
				INFOPLIST_KEY_UISupportedInterfaceOrientations_iPhone = "UIInterfaceOrientationPortrait UIInterfaceOrientationLandscapeLeft UIInterfaceOrientationLandscapeRight";
				LD_RUNPATH_SEARCH_PATHS = (
					"$(inherited)",
					"@executable_path/Frameworks",
				);
				MARKETING_VERSION = 1.0;
				PRODUCT_BUNDLE_IDENTIFIER = com.ClaireChiou.Publisher;
				PRODUCT_NAME = "$(TARGET_NAME)";
				SWIFT_EMIT_LOC_STRINGS = YES;
				SWIFT_VERSION = 5.0;
				TARGETED_DEVICE_FAMILY = "1,2";
			};
			name = Release;
		};
/* End XCBuildConfiguration section */

/* Begin XCConfigurationList section */
		7EB93FE227F7DC5500962A7C /* Build configuration list for PBXProject "Publisher" */ = {
			isa = XCConfigurationList;
			buildConfigurations = (
				7EB93FF927F7DC5600962A7C /* Debug */,
				7EB93FFA27F7DC5600962A7C /* Release */,
			);
			defaultConfigurationIsVisible = 0;
			defaultConfigurationName = Release;
		};
		7EB93FFB27F7DC5600962A7C /* Build configuration list for PBXNativeTarget "Publisher" */ = {
			isa = XCConfigurationList;
			buildConfigurations = (
				7EB93FFC27F7DC5600962A7C /* Debug */,
				7EB93FFD27F7DC5600962A7C /* Release */,
			);
			defaultConfigurationIsVisible = 0;
			defaultConfigurationName = Release;
		};
/* End XCConfigurationList section */
	};
	rootObject = 7EB93FDF27F7DC5500962A7C /* Project object */;
}
